
Microsoft Visual Studio Solution File, Format Version 12.00
# Visual Studio Version 16
VisualStudioVersion = 16.0.29411.108
MinimumVisualStudioVersion = 10.0.40219.1
Project("{FAE04EC0-301F-11D3-BF4B-00C04F79EFBC}") = "WebApplication5", "WebApplication5\WebApplication5.csproj", "{F19D79B5-E757-4222-A8FD-FCD2C669F8BC}"
EndProject
Global
	GlobalSection(SolutionConfigurationPlatforms) = preSolution
		Debug|Any CPU = Debug|Any CPU
		Release|Any CPU = Release|Any CPU
	EndGlobalSection
	GlobalSection(ProjectConfigurationPlatforms) = postSolution
		{F19D79B5-E757-4222-A8FD-FCD2C669F8BC}.Debug|Any CPU.ActiveCfg = Debug|Any CPU
		{F19D79B5-E757-4222-A8FD-FCD2C669F8BC}.Debug|Any CPU.Build.0 = Debug|Any CPU
		{F19D79B5-E757-4222-A8FD-FCD2C669F8BC}.Release|Any CPU.ActiveCfg = Release|Any CPU
		{F19D79B5-E757-4222-A8FD-FCD2C669F8BC}.Release|Any CPU.Build.0 = Release|Any CPU
	EndGlobalSection
	GlobalSection(SolutionProperties) = preSolution
		HideSolutionNode = FALSE
	EndGlobalSection
	GlobalSection(ExtensibilityGlobals) = postSolution
		SolutionGuid = {132F30FF-5D62-4EF2-8597-017A686C77F4}
	EndGlobalSection
EndGlobal
